
Microsoft Visual Studio Solution File, Format Version 12.00
# Visual Studio Version 17
VisualStudioVersion = 17.7.34031.279
MinimumVisualStudioVersion = 10.0.40219.1
Project("{9A19103F-16F7-4668-BE54-9A1E7A4F7556}") = "FBTarjeta", "FBTarjeta\FBTarjeta.csproj", "{E76FB3FE-DCA0-4FCE-B77C-91D4FDF385CC}"
EndProject
Project("{9A19103F-16F7-4668-BE54-9A1E7A4F7556}") = "Common", "Common\Common.csproj", "{AA54FD56-D09C-42B8-8F2B-DD577FF2D8E0}"
EndProject
Project("{9A19103F-16F7-4668-BE54-9A1E7A4F7556}") = "Models", "Models\Models.csproj", "{3C42E933-B1AD-42F5-B8FD-18BBD00B4566}"
EndProject
Project("{2150E333-8FDC-42A3-9474-1A3956D46DE8}") = "Solution Items", "Solution Items", "{F9646D2B-763D-4026-A028-21C894DF84BA}"
	ProjectSection(SolutionItems) = preProject
		README.md = README.md
	EndProjectSection
EndProject
Project("{9A19103F-16F7-4668-BE54-9A1E7A4F7556}") = "FBTarjeta6", "FBTarjeta6\FBTarjeta6.csproj", "{998CC3E1-FF83-477C-AD7F-AA3ADCA0F9FD}"
EndProject
Project("{FAE04EC0-301F-11D3-BF4B-00C04F79EFBC}") = "HavaNurum", "HavaNurum\HavaNurum.csproj", "{A2D84D71-F7DB-4A56-914D-DDDD33F9CE33}"
EndProject
Project("{FAE04EC0-301F-11D3-BF4B-00C04F79EFBC}") = "FBTarjeta7", "FBTarjeta7\FBTarjeta7.csproj", "{325D80D0-A01C-427F-BE90-DC0B5680747D}"
EndProject
Global
	GlobalSection(SolutionConfigurationPlatforms) = preSolution
		Debug|Any CPU = Debug|Any CPU
		Release|Any CPU = Release|Any CPU
	EndGlobalSection
	GlobalSection(ProjectConfigurationPlatforms) = postSolution
		{E76FB3FE-DCA0-4FCE-B77C-91D4FDF385CC}.Debug|Any CPU.ActiveCfg = Debug|Any CPU
		{E76FB3FE-DCA0-4FCE-B77C-91D4FDF385CC}.Debug|Any CPU.Build.0 = Debug|Any CPU
		{E76FB3FE-DCA0-4FCE-B77C-91D4FDF385CC}.Release|Any CPU.ActiveCfg = Release|Any CPU
		{E76FB3FE-DCA0-4FCE-B77C-91D4FDF385CC}.Release|Any CPU.Build.0 = Release|Any CPU
		{AA54FD56-D09C-42B8-8F2B-DD577FF2D8E0}.Debug|Any CPU.ActiveCfg = Debug|Any CPU
		{AA54FD56-D09C-42B8-8F2B-DD577FF2D8E0}.Debug|Any CPU.Build.0 = Debug|Any CPU
		{AA54FD56-D09C-42B8-8F2B-DD577FF2D8E0}.Release|Any CPU.ActiveCfg = Release|Any CPU
		{AA54FD56-D09C-42B8-8F2B-DD577FF2D8E0}.Release|Any CPU.Build.0 = Release|Any CPU
		{3C42E933-B1AD-42F5-B8FD-18BBD00B4566}.Debug|Any CPU.ActiveCfg = Debug|Any CPU
		{3C42E933-B1AD-42F5-B8FD-18BBD00B4566}.Debug|Any CPU.Build.0 = Debug|Any CPU
		{3C42E933-B1AD-42F5-B8FD-18BBD00B4566}.Release|Any CPU.ActiveCfg = Release|Any CPU
		{3C42E933-B1AD-42F5-B8FD-18BBD00B4566}.Release|Any CPU.Build.0 = Release|Any CPU
		{998CC3E1-FF83-477C-AD7F-AA3ADCA0F9FD}.Debug|Any CPU.ActiveCfg = Debug|Any CPU
		{998CC3E1-FF83-477C-AD7F-AA3ADCA0F9FD}.Debug|Any CPU.Build.0 = Debug|Any CPU
		{998CC3E1-FF83-477C-AD7F-AA3ADCA0F9FD}.Release|Any CPU.ActiveCfg = Release|Any CPU
		{998CC3E1-FF83-477C-AD7F-AA3ADCA0F9FD}.Release|Any CPU.Build.0 = Release|Any CPU
		{A2D84D71-F7DB-4A56-914D-DDDD33F9CE33}.Debug|Any CPU.ActiveCfg = Debug|Any CPU
		{A2D84D71-F7DB-4A56-914D-DDDD33F9CE33}.Debug|Any CPU.Build.0 = Debug|Any CPU
		{A2D84D71-F7DB-4A56-914D-DDDD33F9CE33}.Release|Any CPU.ActiveCfg = Release|Any CPU
		{A2D84D71-F7DB-4A56-914D-DDDD33F9CE33}.Release|Any CPU.Build.0 = Release|Any CPU
		{325D80D0-A01C-427F-BE90-DC0B5680747D}.Debug|Any CPU.ActiveCfg = Debug|Any CPU
		{325D80D0-A01C-427F-BE90-DC0B5680747D}.Debug|Any CPU.Build.0 = Debug|Any CPU
		{325D80D0-A01C-427F-BE90-DC0B5680747D}.Release|Any CPU.ActiveCfg = Release|Any CPU
		{325D80D0-A01C-427F-BE90-DC0B5680747D}.Release|Any CPU.Build.0 = Release|Any CPU
	EndGlobalSection
	GlobalSection(SolutionProperties) = preSolution
		HideSolutionNode = FALSE
	EndGlobalSection
	GlobalSection(ExtensibilityGlobals) = postSolution
		SolutionGuid = {47DE58A3-7304-4664-875F-179EBB61BBEB}
	EndGlobalSection
EndGlobal
